Microsoft Visual Studio Solution File, Format Version 12.00
# Visual Studio 14
VisualStudioVersion = 14.0.25420.1
MinimumVisualStudioVersion = 10.0.40219.1
Project("{2150E333-8FDC-42A3-9474-1A3956D46DE8}") = "WeaponX", "WeaponX", "{486C084E-DEAB-43CE-9B00-1058B7070796}"
EndProject
Project("{FAE04EC0-301F-11D3-BF4B-00C04F79EFBC}") = "Project.WeaponX", "src\Project\WeaponX\code\Project.WeaponX.csproj", "{C8D62533-E7D3-4ABD-BBAC-4A08CE92F99E}"
EndProject
Project("{2150E333-8FDC-42A3-9474-1A3956D46DE8}") = "WeaponX", "WeaponX", "{C686A179-AB05-42A2-AFFE-E4F2A4B9EA44}"
EndProject
Project("{FAE04EC0-301F-11D3-BF4B-00C04F79EFBC}") = "Foundation.WeaponX", "src\Foundation\WeaponX\code\Foundation.WeaponX.csproj", "{0FBD924B-3AE3-4FC6-A227-6CBBB0ECC188}"
EndProject
Project("{2150E333-8FDC-42A3-9474-1A3956D46DE8}") = "WeaponX", "WeaponX", "{1A06B0A5-6A37-406D-A32B-8A43ACA7D4D4}"
EndProject
Project("{FAE04EC0-301F-11D3-BF4B-00C04F79EFBC}") = "Feature.WeaponX", "src\Feature\WeaponX\code\Feature.WeaponX.csproj", "{64EE1183-8BD0-4A78-8230-FF80DC5F9301}"
EndProject
Project("{2150E333-8FDC-42A3-9474-1A3956D46DE8}") = "Project", "Project", "{1904821A-79D4-4340-8DEF-4A96904E7607}"
EndProject
Project("{2150E333-8FDC-42A3-9474-1A3956D46DE8}") = "Feature", "Feature", "{37588899-8589-4A97-88E6-995D8091C679}"
EndProject
Project("{2150E333-8FDC-42A3-9474-1A3956D46DE8}") = "Foundation", "Foundation", "{B2437AEC-AEBF-4781-9E46-A0841ADD05C0}"
EndProject
Project("{CAA73BB0-EF22-4D79-A57E-DF67B3BA9C80}") = "Sitecore.WeaponX.Website.Master", "src\Project\WeaponX\TDSProject1\Sitecore.WeaponX.Website.Master.scproj", "{003F375D-63E2-4A9A-92B6-1E3F370F417A}"
EndProject
Project("{2150E333-8FDC-42A3-9474-1A3956D46DE8}") = "Configuration", "Configuration", "{73702B67-058A-4729-9209-47E58491D6F8}"
	ProjectSection(SolutionItems) = preProject
		.gitattributes = .gitattributes
		.gitignore = .gitignore
		README.md = README.md
	EndProjectSection
EndProject
Project("{2150E333-8FDC-42A3-9474-1A3956D46DE8}") = "Model", "Model", "{AE4AF302-D401-414C-9A80-39CD831DBC02}"
EndProject
Project("{FAE04EC0-301F-11D3-BF4B-00C04F79EFBC}") = "Foundation.Models", "Foundation.Models\Foundation.Models.csproj", "{9B029B96-BF7B-453A-AB13-E5B908A3ACB6}"
EndProject
Project("{CAA73BB0-EF22-4D79-A57E-DF67B3BA9C80}") = "Sitecore.WeaponX.Website.Core", "Sitecore.WeaponX.Website.Core\Sitecore.WeaponX.Website.Core.scproj", "{659D7DD9-62D5-49A4-9623-4E266E5B0D62}"
EndProject
Global
	GlobalSection(SolutionConfigurationPlatforms) = preSolution
		always|Any CPU = always|Any CPU
		always|x64 = always|x64
		cburts|Any CPU = cburts|Any CPU
		cburts|x64 = cburts|x64
		ci|Any CPU = ci|Any CPU
		ci|x64 = ci|x64
		Debug|Any CPU = Debug|Any CPU
		Debug|x64 = Debug|x64
		Release|Any CPU = Release|Any CPU
		Release|x64 = Release|x64
	EndGlobalSection
	GlobalSection(ProjectConfigurationPlatforms) = postSolution
		{C8D62533-E7D3-4ABD-BBAC-4A08CE92F99E}.always|Any CPU.ActiveCfg = always|Any CPU
		{C8D62533-E7D3-4ABD-BBAC-4A08CE92F99E}.always|Any CPU.Build.0 = always|Any CPU
		{C8D62533-E7D3-4ABD-BBAC-4A08CE92F99E}.always|x64.ActiveCfg = always|x64
		{C8D62533-E7D3-4ABD-BBAC-4A08CE92F99E}.always|x64.Build.0 = always|x64
		{C8D62533-E7D3-4ABD-BBAC-4A08CE92F99E}.cburts|Any CPU.ActiveCfg = ci|Any CPU
		{C8D62533-E7D3-4ABD-BBAC-4A08CE92F99E}.cburts|Any CPU.Build.0 = ci|Any CPU
		{C8D62533-E7D3-4ABD-BBAC-4A08CE92F99E}.cburts|x64.ActiveCfg = cburts|x64
		{C8D62533-E7D3-4ABD-BBAC-4A08CE92F99E}.cburts|x64.Build.0 = cburts|x64
		{C8D62533-E7D3-4ABD-BBAC-4A08CE92F99E}.ci|Any CPU.ActiveCfg = ci|Any CPU
		{C8D62533-E7D3-4ABD-BBAC-4A08CE92F99E}.ci|Any CPU.Build.0 = ci|Any CPU
		{C8D62533-E7D3-4ABD-BBAC-4A08CE92F99E}.ci|x64.ActiveCfg = ci|x64
		{C8D62533-E7D3-4ABD-BBAC-4A08CE92F99E}.ci|x64.Build.0 = ci|x64
		{C8D62533-E7D3-4ABD-BBAC-4A08CE92F99E}.Debug|Any CPU.ActiveCfg = Debug|Any CPU
		{C8D62533-E7D3-4ABD-BBAC-4A08CE92F99E}.Debug|Any CPU.Build.0 = Debug|Any CPU
		{C8D62533-E7D3-4ABD-BBAC-4A08CE92F99E}.Debug|x64.ActiveCfg = Debug|x64
		{C8D62533-E7D3-4ABD-BBAC-4A08CE92F99E}.Debug|x64.Build.0 = Debug|x64
		{C8D62533-E7D3-4ABD-BBAC-4A08CE92F99E}.Release|Any CPU.ActiveCfg = Release|Any CPU
		{C8D62533-E7D3-4ABD-BBAC-4A08CE92F99E}.Release|Any CPU.Build.0 = Release|Any CPU
		{C8D62533-E7D3-4ABD-BBAC-4A08CE92F99E}.Release|x64.ActiveCfg = Release|x64
		{C8D62533-E7D3-4ABD-BBAC-4A08CE92F99E}.Release|x64.Build.0 = Release|x64
		{0FBD924B-3AE3-4FC6-A227-6CBBB0ECC188}.always|Any CPU.ActiveCfg = always|Any CPU
		{0FBD924B-3AE3-4FC6-A227-6CBBB0ECC188}.always|Any CPU.Build.0 = always|Any CPU
		{0FBD924B-3AE3-4FC6-A227-6CBBB0ECC188}.always|x64.ActiveCfg = always|x64
		{0FBD924B-3AE3-4FC6-A227-6CBBB0ECC188}.always|x64.Build.0 = always|x64
		{0FBD924B-3AE3-4FC6-A227-6CBBB0ECC188}.cburts|Any CPU.ActiveCfg = ci|Any CPU
		{0FBD924B-3AE3-4FC6-A227-6CBBB0ECC188}.cburts|Any CPU.Build.0 = ci|Any CPU
		{0FBD924B-3AE3-4FC6-A227-6CBBB0ECC188}.cburts|x64.ActiveCfg = cburts|x64
		{0FBD924B-3AE3-4FC6-A227-6CBBB0ECC188}.cburts|x64.Build.0 = cburts|x64
		{0FBD924B-3AE3-4FC6-A227-6CBBB0ECC188}.ci|Any CPU.ActiveCfg = ci|Any CPU
		{0FBD924B-3AE3-4FC6-A227-6CBBB0ECC188}.ci|Any CPU.Build.0 = ci|Any CPU
		{0FBD924B-3AE3-4FC6-A227-6CBBB0ECC188}.ci|x64.ActiveCfg = ci|x64
		{0FBD924B-3AE3-4FC6-A227-6CBBB0ECC188}.ci|x64.Build.0 = ci|x64
		{0FBD924B-3AE3-4FC6-A227-6CBBB0ECC188}.Debug|Any CPU.ActiveCfg = Debug|Any CPU
		{0FBD924B-3AE3-4FC6-A227-6CBBB0ECC188}.Debug|Any CPU.Build.0 = Debug|Any CPU
		{0FBD924B-3AE3-4FC6-A227-6CBBB0ECC188}.Debug|x64.ActiveCfg = Debug|x64
		{0FBD924B-3AE3-4FC6-A227-6CBBB0ECC188}.Debug|x64.Build.0 = Debug|x64
		{0FBD924B-3AE3-4FC6-A227-6CBBB0ECC188}.Release|Any CPU.ActiveCfg = Release|Any CPU
		{0FBD924B-3AE3-4FC6-A227-6CBBB0ECC188}.Release|Any CPU.Build.0 = Release|Any CPU
		{0FBD924B-3AE3-4FC6-A227-6CBBB0ECC188}.Release|x64.ActiveCfg = Release|x64
		{0FBD924B-3AE3-4FC6-A227-6CBBB0ECC188}.Release|x64.Build.0 = Release|x64
		{64EE1183-8BD0-4A78-8230-FF80DC5F9301}.always|Any CPU.ActiveCfg = always|Any CPU
		{64EE1183-8BD0-4A78-8230-FF80DC5F9301}.always|Any CPU.Build.0 = always|Any CPU
		{64EE1183-8BD0-4A78-8230-FF80DC5F9301}.always|x64.ActiveCfg = always|x64
		{64EE1183-8BD0-4A78-8230-FF80DC5F9301}.always|x64.Build.0 = always|x64
		{64EE1183-8BD0-4A78-8230-FF80DC5F9301}.cburts|Any CPU.ActiveCfg = ci|Any CPU
		{64EE1183-8BD0-4A78-8230-FF80DC5F9301}.cburts|Any CPU.Build.0 = ci|Any CPU
		{64EE1183-8BD0-4A78-8230-FF80DC5F9301}.cburts|x64.ActiveCfg = cburts|x64
		{64EE1183-8BD0-4A78-8230-FF80DC5F9301}.cburts|x64.Build.0 = cburts|x64
		{64EE1183-8BD0-4A78-8230-FF80DC5F9301}.ci|Any CPU.ActiveCfg = ci|Any CPU
		{64EE1183-8BD0-4A78-8230-FF80DC5F9301}.ci|Any CPU.Build.0 = ci|Any CPU
		{64EE1183-8BD0-4A78-8230-FF80DC5F9301}.ci|x64.ActiveCfg = ci|x64
		{64EE1183-8BD0-4A78-8230-FF80DC5F9301}.ci|x64.Build.0 = ci|x64
		{64EE1183-8BD0-4A78-8230-FF80DC5F9301}.Debug|Any CPU.ActiveCfg = Debug|Any CPU
		{64EE1183-8BD0-4A78-8230-FF80DC5F9301}.Debug|Any CPU.Build.0 = Debug|Any CPU
		{64EE1183-8BD0-4A78-8230-FF80DC5F9301}.Debug|x64.ActiveCfg = Debug|x64
		{64EE1183-8BD0-4A78-8230-FF80DC5F9301}.Debug|x64.Build.0 = Debug|x64
		{64EE1183-8BD0-4A78-8230-FF80DC5F9301}.Release|Any CPU.ActiveCfg = Release|Any CPU
		{64EE1183-8BD0-4A78-8230-FF80DC5F9301}.Release|Any CPU.Build.0 = Release|Any CPU
		{64EE1183-8BD0-4A78-8230-FF80DC5F9301}.Release|x64.ActiveCfg = Release|x64
		{64EE1183-8BD0-4A78-8230-FF80DC5F9301}.Release|x64.Build.0 = Release|x64
		{003F375D-63E2-4A9A-92B6-1E3F370F417A}.always|Any CPU.ActiveCfg = Release|Any CPU
		{003F375D-63E2-4A9A-92B6-1E3F370F417A}.always|Any CPU.Build.0 = Release|Any CPU
		{003F375D-63E2-4A9A-92B6-1E3F370F417A}.always|Any CPU.Deploy.0 = Release|Any CPU
		{003F375D-63E2-4A9A-92B6-1E3F370F417A}.always|x64.ActiveCfg = Release|Any CPU
		{003F375D-63E2-4A9A-92B6-1E3F370F417A}.always|x64.Build.0 = Release|Any CPU
		{003F375D-63E2-4A9A-92B6-1E3F370F417A}.always|x64.Deploy.0 = Release|Any CPU
		{003F375D-63E2-4A9A-92B6-1E3F370F417A}.cburts|Any CPU.ActiveCfg = Release|Any CPU
		{003F375D-63E2-4A9A-92B6-1E3F370F417A}.cburts|Any CPU.Build.0 = Release|Any CPU
		{003F375D-63E2-4A9A-92B6-1E3F370F417A}.cburts|Any CPU.Deploy.0 = Release|Any CPU
		{003F375D-63E2-4A9A-92B6-1E3F370F417A}.cburts|x64.ActiveCfg = cburts|Any CPU
		{003F375D-63E2-4A9A-92B6-1E3F370F417A}.cburts|x64.Build.0 = cburts|Any CPU
		{003F375D-63E2-4A9A-92B6-1E3F370F417A}.cburts|x64.Deploy.0 = cburts|Any CPU
		{003F375D-63E2-4A9A-92B6-1E3F370F417A}.ci|Any CPU.ActiveCfg = Release|Any CPU
		{003F375D-63E2-4A9A-92B6-1E3F370F417A}.ci|Any CPU.Build.0 = Release|Any CPU
		{003F375D-63E2-4A9A-92B6-1E3F370F417A}.ci|Any CPU.Deploy.0 = Release|Any CPU
		{003F375D-63E2-4A9A-92B6-1E3F370F417A}.ci|x64.ActiveCfg = Release|Any CPU
		{003F375D-63E2-4A9A-92B6-1E3F370F417A}.ci|x64.Build.0 = Release|Any CPU
		{003F375D-63E2-4A9A-92B6-1E3F370F417A}.ci|x64.Deploy.0 = Release|Any CPU
		{003F375D-63E2-4A9A-92B6-1E3F370F417A}.Debug|Any CPU.ActiveCfg = Debug|Any CPU
		{003F375D-63E2-4A9A-92B6-1E3F370F417A}.Debug|Any CPU.Build.0 = Debug|Any CPU
		{003F375D-63E2-4A9A-92B6-1E3F370F417A}.Debug|Any CPU.Deploy.0 = Debug|Any CPU
		{003F375D-63E2-4A9A-92B6-1E3F370F417A}.Debug|x64.ActiveCfg = Debug|Any CPU
		{003F375D-63E2-4A9A-92B6-1E3F370F417A}.Debug|x64.Build.0 = Debug|Any CPU
		{003F375D-63E2-4A9A-92B6-1E3F370F417A}.Debug|x64.Deploy.0 = Debug|Any CPU
		{003F375D-63E2-4A9A-92B6-1E3F370F417A}.Release|Any CPU.ActiveCfg = Release|Any CPU
		{003F375D-63E2-4A9A-92B6-1E3F370F417A}.Release|Any CPU.Build.0 = Release|Any CPU
		{003F375D-63E2-4A9A-92B6-1E3F370F417A}.Release|Any CPU.Deploy.0 = Release|Any CPU
		{003F375D-63E2-4A9A-92B6-1E3F370F417A}.Release|x64.ActiveCfg = Release|Any CPU
		{003F375D-63E2-4A9A-92B6-1E3F370F417A}.Release|x64.Build.0 = Release|Any CPU
		{003F375D-63E2-4A9A-92B6-1E3F370F417A}.Release|x64.Deploy.0 = Release|Any CPU
		{9B029B96-BF7B-453A-AB13-E5B908A3ACB6}.always|Any CPU.ActiveCfg = Release|Any CPU
		{9B029B96-BF7B-453A-AB13-E5B908A3ACB6}.always|Any CPU.Build.0 = Release|Any CPU
		{9B029B96-BF7B-453A-AB13-E5B908A3ACB6}.always|x64.ActiveCfg = Release|Any CPU
		{9B029B96-BF7B-453A-AB13-E5B908A3ACB6}.always|x64.Build.0 = Release|Any CPU
		{9B029B96-BF7B-453A-AB13-E5B908A3ACB6}.cburts|Any CPU.ActiveCfg = Release|Any CPU
		{9B029B96-BF7B-453A-AB13-E5B908A3ACB6}.cburts|Any CPU.Build.0 = Release|Any CPU
		{9B029B96-BF7B-453A-AB13-E5B908A3ACB6}.cburts|x64.ActiveCfg = cburts|Any CPU
		{9B029B96-BF7B-453A-AB13-E5B908A3ACB6}.cburts|x64.Build.0 = cburts|Any CPU
		{9B029B96-BF7B-453A-AB13-E5B908A3ACB6}.ci|Any CPU.ActiveCfg = Release|Any CPU
		{9B029B96-BF7B-453A-AB13-E5B908A3ACB6}.ci|Any CPU.Build.0 = Release|Any CPU
		{9B029B96-BF7B-453A-AB13-E5B908A3ACB6}.ci|x64.ActiveCfg = Release|Any CPU
		{9B029B96-BF7B-453A-AB13-E5B908A3ACB6}.ci|x64.Build.0 = Release|Any CPU
		{9B029B96-BF7B-453A-AB13-E5B908A3ACB6}.Debug|Any CPU.ActiveCfg = Debug|Any CPU
		{9B029B96-BF7B-453A-AB13-E5B908A3ACB6}.Debug|Any CPU.Build.0 = Debug|Any CPU
		{9B029B96-BF7B-453A-AB13-E5B908A3ACB6}.Debug|x64.ActiveCfg = Debug|Any CPU
		{9B029B96-BF7B-453A-AB13-E5B908A3ACB6}.Debug|x64.Build.0 = Debug|Any CPU
		{9B029B96-BF7B-453A-AB13-E5B908A3ACB6}.Release|Any CPU.ActiveCfg = Release|Any CPU
		{9B029B96-BF7B-453A-AB13-E5B908A3ACB6}.Release|Any CPU.Build.0 = Release|Any CPU
		{9B029B96-BF7B-453A-AB13-E5B908A3ACB6}.Release|x64.ActiveCfg = Release|Any CPU
		{9B029B96-BF7B-453A-AB13-E5B908A3ACB6}.Release|x64.Build.0 = Release|Any CPU
		{659D7DD9-62D5-49A4-9623-4E266E5B0D62}.always|Any CPU.ActiveCfg = Release|Any CPU
		{659D7DD9-62D5-49A4-9623-4E266E5B0D62}.always|Any CPU.Build.0 = Release|Any CPU
		{659D7DD9-62D5-49A4-9623-4E266E5B0D62}.always|Any CPU.Deploy.0 = Release|Any CPU
		{659D7DD9-62D5-49A4-9623-4E266E5B0D62}.always|x64.ActiveCfg = Release|Any CPU
		{659D7DD9-62D5-49A4-9623-4E266E5B0D62}.always|x64.Build.0 = Release|Any CPU
		{659D7DD9-62D5-49A4-9623-4E266E5B0D62}.always|x64.Deploy.0 = Release|Any CPU
		{659D7DD9-62D5-49A4-9623-4E266E5B0D62}.cburts|Any CPU.ActiveCfg = Release|Any CPU
		{659D7DD9-62D5-49A4-9623-4E266E5B0D62}.cburts|Any CPU.Build.0 = Release|Any CPU
		{659D7DD9-62D5-49A4-9623-4E266E5B0D62}.cburts|Any CPU.Deploy.0 = Release|Any CPU
		{659D7DD9-62D5-49A4-9623-4E266E5B0D62}.cburts|x64.ActiveCfg = cburts|Any CPU
		{659D7DD9-62D5-49A4-9623-4E266E5B0D62}.cburts|x64.Build.0 = cburts|Any CPU
		{659D7DD9-62D5-49A4-9623-4E266E5B0D62}.cburts|x64.Deploy.0 = cburts|Any CPU
		{659D7DD9-62D5-49A4-9623-4E266E5B0D62}.ci|Any CPU.ActiveCfg = Release|Any CPU
		{659D7DD9-62D5-49A4-9623-4E266E5B0D62}.ci|Any CPU.Build.0 = Release|Any CPU
		{659D7DD9-62D5-49A4-9623-4E266E5B0D62}.ci|Any CPU.Deploy.0 = Release|Any CPU
		{659D7DD9-62D5-49A4-9623-4E266E5B0D62}.ci|x64.ActiveCfg = Release|Any CPU
		{659D7DD9-62D5-49A4-9623-4E266E5B0D62}.ci|x64.Build.0 = Release|Any CPU
		{659D7DD9-62D5-49A4-9623-4E266E5B0D62}.ci|x64.Deploy.0 = Release|Any CPU
		{659D7DD9-62D5-49A4-9623-4E266E5B0D62}.Debug|Any CPU.ActiveCfg = Debug|Any CPU
		{659D7DD9-62D5-49A4-9623-4E266E5B0D62}.Debug|Any CPU.Build.0 = Debug|Any CPU
		{659D7DD9-62D5-49A4-9623-4E266E5B0D62}.Debug|Any CPU.Deploy.0 = Debug|Any CPU
		{659D7DD9-62D5-49A4-9623-4E266E5B0D62}.Debug|x64.ActiveCfg = Debug|Any CPU
		{659D7DD9-62D5-49A4-9623-4E266E5B0D62}.Debug|x64.Build.0 = Debug|Any CPU
		{659D7DD9-62D5-49A4-9623-4E266E5B0D62}.Debug|x64.Deploy.0 = Debug|Any CPU
		{659D7DD9-62D5-49A4-9623-4E266E5B0D62}.Release|Any CPU.ActiveCfg = Release|Any CPU
		{659D7DD9-62D5-49A4-9623-4E266E5B0D62}.Release|Any CPU.Build.0 = Release|Any CPU
		{659D7DD9-62D5-49A4-9623-4E266E5B0D62}.Release|Any CPU.Deploy.0 = Release|Any CPU
		{659D7DD9-62D5-49A4-9623-4E266E5B0D62}.Release|x64.ActiveCfg = Release|Any CPU
		{659D7DD9-62D5-49A4-9623-4E266E5B0D62}.Release|x64.Build.0 = Release|Any CPU
		{659D7DD9-62D5-49A4-9623-4E266E5B0D62}.Release|x64.Deploy.0 = Release|Any CPU
	EndGlobalSection
	GlobalSection(SolutionProperties) = preSolution
		HideSolutionNode = FALSE
	EndGlobalSection
	GlobalSection(NestedProjects) = preSolution
		{486C084E-DEAB-43CE-9B00-1058B7070796} = {1904821A-79D4-4340-8DEF-4A96904E7607}
		{C8D62533-E7D3-4ABD-BBAC-4A08CE92F99E} = {486C084E-DEAB-43CE-9B00-1058B7070796}
		{C686A179-AB05-42A2-AFFE-E4F2A4B9EA44} = {B2437AEC-AEBF-4781-9E46-A0841ADD05C0}
		{0FBD924B-3AE3-4FC6-A227-6CBBB0ECC188} = {C686A179-AB05-42A2-AFFE-E4F2A4B9EA44}
		{1A06B0A5-6A37-406D-A32B-8A43ACA7D4D4} = {37588899-8589-4A97-88E6-995D8091C679}
		{64EE1183-8BD0-4A78-8230-FF80DC5F9301} = {1A06B0A5-6A37-406D-A32B-8A43ACA7D4D4}
		{003F375D-63E2-4A9A-92B6-1E3F370F417A} = {486C084E-DEAB-43CE-9B00-1058B7070796}
		{AE4AF302-D401-414C-9A80-39CD831DBC02} = {B2437AEC-AEBF-4781-9E46-A0841ADD05C0}
		{9B029B96-BF7B-453A-AB13-E5B908A3ACB6} = {AE4AF302-D401-414C-9A80-39CD831DBC02}
		{659D7DD9-62D5-49A4-9623-4E266E5B0D62} = {486C084E-DEAB-43CE-9B00-1058B7070796}
	EndGlobalSection
EndGlobal
